{
  "name": "wk2026-aruba-schedule",
  "version": "0.1.0",
  "lockfileVersion": 3,
  "requires": true,
  "packages": {
    "": {
      "name": "wk2026-aruba-schedule",
      "version": "0.1.0",
      "devDependencies": {
        "@types/node": "^24.0.3",
        "typescript": "^5.8.3"
      }
    }
  }
}
